github.com/HdrHistogram/hdrhistogram-go v1.2.0 h1:XMJkDWuz6bM9Fzy7zORuVFKH7ZJY41G2q8KWhVGkNiY=
github.com/HdrHistogram/hdrhistogram-go v1.2.0/go.mod h1:CiIeGiHSd06zjX+FypuEJ5EQ07KKtxZ+8J6hszwVQig=
pgregory.net/rapid v1.2.1-0.20260330155616-9bafe0734374 h1:227gJRQQbpn3igY3tJlkkS2E+zJjeZJ7pmCEjTDYW78=
pgregory.net/rapid v1.2.1-0.20260330155616-9bafe0734374/go.mod h1:dPlE4OBBxgXPqkP79flB6sJL1dx5azpI7HQ9MY9Z7uk=
